
Microsoft Visual Studio Solution File, Format Version 12.00
# Visual Studio 15
VisualStudioVersion = 15.0.27130.2036
MinimumVisualStudioVersion = 10.0.40219.1
Project("{9A19103F-16F7-4668-BE54-9A1E7A4F7556}") = "MainWeb", "MainWeb\MainWeb.csproj", "{C93C65A4-7817-49A9-A378-47545564AAF6}"
EndProject
Project("{9A19103F-16F7-4668-BE54-9A1E7A4F7556}") = "ContentWeb", "ContentWeb\ContentWeb.csproj", "{847DE649-9036-4AAF-9E14-B7B83D3BF213}"
EndProject
Global
	GlobalSection(SolutionConfigurationPlatforms) = preSolution
		Debug|Any CPU = Debug|Any CPU
		Release|Any CPU = Release|Any CPU
	EndGlobalSection
	GlobalSection(ProjectConfigurationPlatforms) = postSolution
		{C93C65A4-7817-49A9-A378-47545564AAF6}.Debug|Any CPU.ActiveCfg = Debug|Any CPU
		{C93C65A4-7817-49A9-A378-47545564AAF6}.Debug|Any CPU.Build.0 = Debug|Any CPU
		{C93C65A4-7817-49A9-A378-47545564AAF6}.Release|Any CPU.ActiveCfg = Release|Any CPU
		{C93C65A4-7817-49A9-A378-47545564AAF6}.Release|Any CPU.Build.0 = Release|Any CPU
		{847DE649-9036-4AAF-9E14-B7B83D3BF213}.Debug|Any CPU.ActiveCfg = Debug|Any CPU
		{847DE649-9036-4AAF-9E14-B7B83D3BF213}.Debug|Any CPU.Build.0 = Debug|Any CPU
		{847DE649-9036-4AAF-9E14-B7B83D3BF213}.Release|Any CPU.ActiveCfg = Release|Any CPU
		{847DE649-9036-4AAF-9E14-B7B83D3BF213}.Release|Any CPU.Build.0 = Release|Any CPU
	EndGlobalSection
	GlobalSection(SolutionProperties) = preSolution
		HideSolutionNode = FALSE
	EndGlobalSection
	GlobalSection(ExtensibilityGlobals) = postSolution
		SolutionGuid = {16CA1FA6-8908-4699-A2D6-5A3A5F75B2A7}
	EndGlobalSection
EndGlobal
